
Microsoft Visual Studio Solution File, Format Version 12.00
# Visual Studio 15
Project("{FAE04EC0-301F-11D3-BF4B-00C04F79EFBC}") = "encrypt", "encrypt\encrypt.csproj", "{49A4F158-CAC1-44E4-8262-0D0E93617407}"
EndProject
Global
	GlobalSection(SolutionConfigurationPlatforms) = preSolution
		Debug|anycpu = Debug|anycpu
		Release|anycpu = Release|anycpu
	EndGlobalSection
	GlobalSection(ProjectConfigurationPlatforms) = postSolution
		{49A4F158-CAC1-44E4-8262-0D0E93617407}.Debug|anycpu.ActiveCfg = Debug|anycpu
		{49A4F158-CAC1-44E4-8262-0D0E93617407}.Debug|anycpu.Build.0 = Debug|anycpu
		{49A4F158-CAC1-44E4-8262-0D0E93617407}.Release|anycpu.ActiveCfg = Release|anycpu
		{49A4F158-CAC1-44E4-8262-0D0E93617407}.Release|anycpu.Build.0 = Release|anycpu
	EndGlobalSection
EndGlobal
