
Microsoft Visual Studio Solution File, Format Version 12.00
# Visual Studio 15
Project("{FAE04EC0-301F-11D3-BF4B-00C04F79EFBC}") = "decrypt", "decrypt\decrypt.csproj", "{CFE6ABFB-FCC1-4799-93E0-4D86710E555C}"
EndProject
Global
	GlobalSection(SolutionConfigurationPlatforms) = preSolution
		Debug|anycpu = Debug|anycpu
		Release|anycpu = Release|anycpu
	EndGlobalSection
	GlobalSection(ProjectConfigurationPlatforms) = postSolution
		{CFE6ABFB-FCC1-4799-93E0-4D86710E555C}.Debug|anycpu.ActiveCfg = Debug|anycpu
		{CFE6ABFB-FCC1-4799-93E0-4D86710E555C}.Debug|anycpu.Build.0 = Debug|anycpu
		{CFE6ABFB-FCC1-4799-93E0-4D86710E555C}.Release|anycpu.ActiveCfg = Release|anycpu
		{CFE6ABFB-FCC1-4799-93E0-4D86710E555C}.Release|anycpu.Build.0 = Release|anycpu
	EndGlobalSection
EndGlobal
